// !$*UTF8*$!
{
	archiveVersion = 1;
	classes = {
	};
	objectVersion = 56;
	objects = {

/* Begin PBXBuildFile section */
		FD072D412B0760A3005416A6 /* Songs.swift in Sources */ = {isa = PBXBuildFile; fileRef = FD072D402B0760A3005416A6 /* Songs.swift */; };
		FD072D432B0760B9005416A6 /* Artist.swift in Sources */ = {isa = PBXBuildFile; fileRef = FD072D422B0760B9005416A6 /* Artist.swift */; };
		FD072D452B0760EB005416A6 /* SongCell.swift in Sources */ = {isa = PBXBuildFile; fileRef = FD072D442B0760EB005416A6 /* SongCell.swift */; };
		FD072D472B076102005416A6 /* ArtistCell.swift in Sources */ = {isa = PBXBuildFile; fileRef = FD072D462B076102005416A6 /* ArtistCell.swift */; };
		FD072D492B076129005416A6 /* DetailView.swift in Sources */ = {isa = PBXBuildFile; fileRef = FD072D482B076129005416A6 /* DetailView.swift */; };
		FD072D4E2B0764B8005416A6 /* ArtistViewController.swift in Sources */ = {isa = PBXBuildFile; fileRef = FD072D4D2B0764B8005416A6 /* ArtistViewController.swift */; };
		FD4EF8262B076B5E00E7C824 /* SpotifyiOS.framework in Frameworks */ = {isa = PBXBuildFile; fileRef = FD4EF8252B076B5E00E7C824 /* SpotifyiOS.framework */; };
		FD4EF82A2B07C78700E7C824 /* SongViewController.swift in Sources */ = {isa = PBXBuildFile; fileRef = FD4EF8292B07C78700E7C824 /* SongViewController.swift */; };
		FD4EF8312B07CC4200E7C824 /* Constants.swift in Sources */ = {isa = PBXBuildFile; fileRef = FD4EF8302B07CC4200E7C824 /* Constants.swift */; };
		FD83D4E82B000194004F7A51 /* AppDelegate.swift in Sources */ = {isa = PBXBuildFile; fileRef = FD83D4E72B000194004F7A51 /* AppDelegate.swift */; };
		FD83D4EA2B000195004F7A51 /* SceneDelegate.swift in Sources */ = {isa = PBXBuildFile; fileRef = FD83D4E92B000195004F7A51 /* SceneDelegate.swift */; };
		FD83D4EC2B000195004F7A51 /* ViewController.swift in Sources */ = {isa = PBXBuildFile; fileRef = FD83D4EB2B000195004F7A51 /* ViewController.swift */; };
		FD83D4EF2B000195004F7A51 /* Main.storyboard in Resources */ = {isa = PBXBuildFile; fileRef = FD83D4ED2B000195004F7A51 /* Main.storyboard */; };
		FD83D4F12B000197004F7A51 /* Assets.xcassets in Resources */ = {isa = PBXBuildFile; fileRef = FD83D4F02B000197004F7A51 /* Assets.xcassets */; };
		FD83D4F42B000197004F7A51 /* LaunchScreen.storyboard in Resources */ = {isa = PBXBuildFile; fileRef = FD83D4F22B000197004F7A51 /* LaunchScreen.storyboard */; };
		FD83D4FC2B0001F1004F7A51 /* GoogleService-Info.plist in Resources */ = {isa = PBXBuildFile; fileRef = FD83D4FB2B0001F1004F7A51 /* GoogleService-Info.plist */; };
/* End PBXBuildFile section */

/* Begin PBXFileReference section */
		FD072D402B0760A3005416A6 /* Songs.swift */ = {isa = PBXFileReference; lastKnownFileType = sourcecode.swift; path = Songs.swift; sourceTree = "<group>"; };
		FD072D422B0760B9005416A6 /* Artist.swift */ = {isa = PBXFileReference; lastKnownFileType = sourcecode.swift; path = Artist.swift; sourceTree = "<group>"; };
		FD072D442B0760EB005416A6 /* SongCell.swift */ = {isa = PBXFileReference; lastKnownFileType = sourcecode.swift; path = SongCell.swift; sourceTree = "<group>"; };
		FD072D462B076102005416A6 /* ArtistCell.swift */ = {isa = PBXFileReference; lastKnownFileType = sourcecode.swift; path = ArtistCell.swift; sourceTree = "<group>"; };
		FD072D482B076129005416A6 /* DetailView.swift */ = {isa = PBXFileReference; lastKnownFileType = sourcecode.swift; path = DetailView.swift; sourceTree = "<group>"; };
		FD072D4D2B0764B8005416A6 /* ArtistViewController.swift */ = {isa = PBXFileReference; lastKnownFileType = sourcecode.swift; path = ArtistViewController.swift; sourceTree = "<group>"; };
		FD4EF8252B076B5E00E7C824 /* SpotifyiOS.framework */ = {isa = PBXFileReference; lastKnownFileType = wrapper.framework; path = SpotifyiOS.framework; sourceTree = "<group>"; };
		FD4EF8292B07C78700E7C824 /* SongViewController.swift */ = {isa = PBXFileReference; lastKnownFileType = sourcecode.swift; path = SongViewController.swift; sourceTree = "<group>"; };
		FD4EF82B2B07CA0E00E7C824 /* MusicDiscovery2-Bridging-Header.h */ = {isa = PBXFileReference; lastKnownFileType = sourcecode.c.h; path = "MusicDiscovery2-Bridging-Header.h"; sourceTree = "<group>"; };
		FD4EF8302B07CC4200E7C824 /* Constants.swift */ = {isa = PBXFileReference; lastKnownFileType = sourcecode.swift; path = Constants.swift; sourceTree = "<group>"; };
		FD83D4E42B000194004F7A51 /* MusicDiscovery2.app */ = {isa = PBXFileReference; explicitFileType = wrapper.application; includeInIndex = 0; path = MusicDiscovery2.app; sourceTree = BUILT_PRODUCTS_DIR; };
		FD83D4E72B000194004F7A51 /* AppDelegate.swift */ = {isa = PBXFileReference; lastKnownFileType = sourcecode.swift; path = AppDelegate.swift; sourceTree = "<group>"; };
		FD83D4E92B000195004F7A51 /* SceneDelegate.swift */ = {isa = PBXFileReference; lastKnownFileType = sourcecode.swift; path = SceneDelegate.swift; sourceTree = "<group>"; };
		FD83D4EB2B000195004F7A51 /* ViewController.swift */ = {isa = PBXFileReference; lastKnownFileType = sourcecode.swift; path = ViewController.swift; sourceTree = "<group>"; };
		FD83D4EE2B000195004F7A51 /* Base */ = {isa = PBXFileReference; lastKnownFileType = file.storyboard; name = Base; path = Base.lproj/Main.storyboard; sourceTree = "<group>"; };
		FD83D4F02B000197004F7A51 /* Assets.xcassets */ = {isa = PBXFileReference; lastKnownFileType = folder.assetcatalog; path = Assets.xcassets; sourceTree = "<group>"; };
		FD83D4F32B000197004F7A51 /* Base */ = {isa = PBXFileReference; lastKnownFileType = file.storyboard; name = Base; path = Base.lproj/LaunchScreen.storyboard; sourceTree = "<group>"; };
		FD83D4F52B000197004F7A51 /* Info.plist */ = {isa = PBXFileReference; lastKnownFileType = text.plist.xml; path = Info.plist; sourceTree = "<group>"; };
		FD83D4FB2B0001F1004F7A51 /* GoogleService-Info.plist */ = {isa = PBXFileReference; fileEncoding = 4; lastKnownFileType = text.plist.xml; path = "GoogleService-Info.plist"; sourceTree = "<group>"; };
/* End PBXFileReference section */

/* Begin PBXFrameworksBuildPhase section */
		FD83D4E12B000194004F7A51 /* Frameworks */ = {
			isa = PBXFrameworksBuildPhase;
			buildActionMask = 2147483647;
			files = (
				FD4EF8262B076B5E00E7C824 /* SpotifyiOS.framework in Frameworks */,
			);
			runOnlyForDeploymentPostprocessing = 0;
		};
/* End PBXFrameworksBuildPhase section */

/* Begin PBXGroup section */
		FD83D4DB2B000194004F7A51 = {
			isa = PBXGroup;
			children = (
				FD83D4E62B000194004F7A51 /* MusicDiscovery2 */,
				FD83D4E52B000194004F7A51 /* Products */,
			);
			sourceTree = "<group>";
		};
		FD83D4E52B000194004F7A51 /* Products */ = {
			isa = PBXGroup;
			children = (
				FD83D4E42B000194004F7A51 /* MusicDiscovery2.app */,
			);
			name = Products;
			sourceTree = "<group>";
		};
		FD83D4E62B000194004F7A51 /* MusicDiscovery2 */ = {
			isa = PBXGroup;
			children = (
				FD4EF8252B076B5E00E7C824 /* SpotifyiOS.framework */,
				FD83D4E72B000194004F7A51 /* AppDelegate.swift */,
				FD83D4E92B000195004F7A51 /* SceneDelegate.swift */,
				FD83D4EB2B000195004F7A51 /* ViewController.swift */,
				FD83D4ED2B000195004F7A51 /* Main.storyboard */,
				FD83D4F02B000197004F7A51 /* Assets.xcassets */,
				FD83D4F22B000197004F7A51 /* LaunchScreen.storyboard */,
				FD83D4F52B000197004F7A51 /* Info.plist */,
				FD83D4FB2B0001F1004F7A51 /* GoogleService-Info.plist */,
				FD072D402B0760A3005416A6 /* Songs.swift */,
				FD072D422B0760B9005416A6 /* Artist.swift */,
				FD072D442B0760EB005416A6 /* SongCell.swift */,
				FD072D462B076102005416A6 /* ArtistCell.swift */,
				FD072D482B076129005416A6 /* DetailView.swift */,
				FD072D4D2B0764B8005416A6 /* ArtistViewController.swift */,
				FD4EF8292B07C78700E7C824 /* SongViewController.swift */,
				FD4EF82B2B07CA0E00E7C824 /* MusicDiscovery2-Bridging-Header.h */,
				FD4EF8302B07CC4200E7C824 /* Constants.swift */,
			);
			path = MusicDiscovery2;
			sourceTree = "<group>";
		};
/* End PBXGroup section */

/* Begin PBXNativeTarget section */
		FD83D4E32B000194004F7A51 /* MusicDiscovery2 */ = {
			isa = PBXNativeTarget;
			buildConfigurationList = FD83D4F82B000197004F7A51 /* Build configuration list for PBXNativeTarget "MusicDiscovery2" */;
			buildPhases = (
				FD83D4E02B000194004F7A51 /* Sources */,
				FD83D4E12B000194004F7A51 /* Frameworks */,
				FD83D4E22B000194004F7A51 /* Resources */,
			);
			buildRules = (
			);
			dependencies = (
			);
			name = MusicDiscovery2;
			packageProductDependencies = (
			);
			productName = MusicDiscovery2;
			productReference = FD83D4E42B000194004F7A51 /* MusicDiscovery2.app */;
			productType = "com.apple.product-type.application";
		};
/* End PBXNativeTarget section */

/* Begin PBXProject section */
		FD83D4DC2B000194004F7A51 /* Project object */ = {
			isa = PBXProject;
			attributes = {
				BuildIndependentTargetsInParallel = 1;
				LastSwiftUpdateCheck = 1500;
				LastUpgradeCheck = 1500;
				TargetAttributes = {
					FD83D4E32B000194004F7A51 = {
						CreatedOnToolsVersion = 15.0;
						LastSwiftMigration = 1500;
					};
				};
			};
			buildConfigurationList = FD83D4DF2B000194004F7A51 /* Build configuration list for PBXProject "MusicDiscovery2" */;
			compatibilityVersion = "Xcode 14.0";
			developmentRegion = en;
			hasScannedForEncodings = 0;
			knownRegions = (
				en,
				Base,
			);
			mainGroup = FD83D4DB2B000194004F7A51;
			packageReferences = (
			);
			productRefGroup = FD83D4E52B000194004F7A51 /* Products */;
			projectDirPath = "";
			projectRoot = "";
			targets = (
				FD83D4E32B000194004F7A51 /* MusicDiscovery2 */,
			);
		};
/* End PBXProject section */

/* Begin PBXResourcesBuildPhase section */
		FD83D4E22B000194004F7A51 /* Resources */ = {
			isa = PBXResourcesBuildPhase;
			buildActionMask = 2147483647;
			files = (
				FD83D4F42B000197004F7A51 /* LaunchScreen.storyboard in Resources */,
				FD83D4F12B000197004F7A51 /* Assets.xcassets in Resources */,
				FD83D4EF2B000195004F7A51 /* Main.storyboard in Resources */,
				FD83D4FC2B0001F1004F7A51 /* GoogleService-Info.plist in Resources */,
			);
			runOnlyForDeploymentPostprocessing = 0;
		};
/* End PBXResourcesBuildPhase section */

/* Begin PBXSourcesBuildPhase section */
		FD83D4E02B000194004F7A51 /* Sources */ = {
			isa = PBXSourcesBuildPhase;
			buildActionMask = 2147483647;
			files = (
				FD072D412B0760A3005416A6 /* Songs.swift in Sources */,
				FD072D492B076129005416A6 /* DetailView.swift in Sources */,
				FD072D4E2B0764B8005416A6 /* ArtistViewController.swift in Sources */,
				FD83D4EC2B000195004F7A51 /* ViewController.swift in Sources */,
				FD072D472B076102005416A6 /* ArtistCell.swift in Sources */,
				FD83D4E82B000194004F7A51 /* AppDelegate.swift in Sources */,
				FD072D432B0760B9005416A6 /* Artist.swift in Sources */,
				FD4EF82A2B07C78700E7C824 /* SongViewController.swift in Sources */,
				FD072D452B0760EB005416A6 /* SongCell.swift in Sources */,
				FD83D4EA2B000195004F7A51 /* SceneDelegate.swift in Sources */,
				FD4EF8312B07CC4200E7C824 /* Constants.swift in Sources */,
			);
			runOnlyForDeploymentPostprocessing = 0;
		};
/* End PBXSourcesBuildPhase section */

/* Begin PBXVariantGroup section */
		FD83D4ED2B000195004F7A51 /* Main.storyboard */ = {
			isa = PBXVariantGroup;
			children = (
				FD83D4EE2B000195004F7A51 /* Base */,
			);
			name = Main.storyboard;
			sourceTree = "<group>";
		};
		FD83D4F22B000197004F7A51 /* LaunchScreen.storyboard */ = {
			isa = PBXVariantGroup;
			children = (
				FD83D4F32B000197004F7A51 /* Base */,
			);
			name = LaunchScreen.storyboard;
			sourceTree = "<group>";
		};
/* End PBXVariantGroup section */

/* Begin XCBuildConfiguration section */
		FD83D4F62B000197004F7A51 /* Debug */ = {
			isa = XCBuildConfiguration;
			buildSettings = {
				ALWAYS_SEARCH_USER_PATHS = NO;
				ASSETCATALOG_COMPILER_GENERATE_SWIFT_ASSET_SYMBOL_EXTENSIONS = YES;
				CLANG_ANALYZER_NONNULL = YES;
				CLANG_ANALYZER_NUMBER_OBJECT_CONVERSION = YES_AGGRESSIVE;
				CLANG_CXX_LANGUAGE_STANDARD = "gnu++20";
				CLANG_ENABLE_MODULES = YES;
				CLANG_ENABLE_OBJC_ARC = YES;
				CLANG_ENABLE_OBJC_WEAK = YES;
				CLANG_WARN_BLOCK_CAPTURE_AUTORELEASING = YES;
				CLANG_WARN_BOOL_CONVERSION = YES;
				CLANG_WARN_COMMA = YES;
				CLANG_WARN_CONSTANT_CONVERSION = YES;
				CLANG_WARN_DEPRECATED_OBJC_IMPLEMENTATIONS = YES;
				CLANG_WARN_DIRECT_OBJC_ISA_USAGE = YES_ERROR;
				CLANG_WARN_DOCUMENTATION_COMMENTS = YES;
				CLANG_WARN_EMPTY_BODY = YES;
				CLANG_WARN_ENUM_CONVERSION = YES;
				CLANG_WARN_INFINITE_RECURSION = YES;
				CLANG_WARN_INT_CONVERSION = YES;
				CLANG_WARN_NON_LITERAL_NULL_CONVERSION = YES;
				CLANG_WARN_OBJC_IMPLICIT_RETAIN_SELF = YES;
				CLANG_WARN_OBJC_LITERAL_CONVERSION = YES;
				CLANG_WARN_OBJC_ROOT_CLASS = YES_ERROR;
				CLANG_WARN_QUOTED_INCLUDE_IN_FRAMEWORK_HEADER = YES;
				CLANG_WARN_RANGE_LOOP_ANALYSIS = YES;
				CLANG_WARN_STRICT_PROTOTYPES = YES;
				CLANG_WARN_SUSPICIOUS_MOVE = YES;
				CLANG_WARN_UNGUARDED_AVAILABILITY = YES_AGGRESSIVE;
				CLANG_WARN_UNREACHABLE_CODE = YES;
				CLANG_WARN__DUPLICATE_METHOD_MATCH = YES;
				COPY_PHASE_STRIP = NO;
				DEBUG_INFORMATION_FORMAT = dwarf;
				ENABLE_STRICT_OBJC_MSGSEND = YES;
				ENABLE_TESTABILITY = YES;
				ENABLE_USER_SCRIPT_SANDBOXING = YES;
				GCC_C_LANGUAGE_STANDARD = gnu17;
				GCC_DYNAMIC_NO_PIC = NO;
				GCC_NO_COMMON_BLOCKS = YES;
				GCC_OPTIMIZATION_LEVEL = 0;
				GCC_PREPROCESSOR_DEFINITIONS = (
					"DEBUG=1",
					"$(inherited)",
				);
				GCC_WARN_64_TO_32_BIT_CONVERSION = YES;
				GCC_WARN_ABOUT_RETURN_TYPE = YES_ERROR;
				GCC_WARN_UNDECLARED_SELECTOR = YES;
				GCC_WARN_UNINITIALIZED_AUTOS = YES_AGGRESSIVE;
				GCC_WARN_UNUSED_FUNCTION = YES;
				GCC_WARN_UNUSED_VARIABLE = YES;
				IPHONEOS_DEPLOYMENT_TARGET = 17.0;
				LOCALIZATION_PREFERS_STRING_CATALOGS = YES;
				MTL_ENABLE_DEBUG_INFO = INCLUDE_SOURCE;
				MTL_FAST_MATH = YES;
				ONLY_ACTIVE_ARCH = YES;
				SDKROOT = iphoneos;
				SWIFT_ACTIVE_COMPILATION_CONDITIONS = "DEBUG $(inherited)";
				SWIFT_OPTIMIZATION_LEVEL = "-Onone";
			};
			name = Debug;
		};
		FD83D4F72B000197004F7A51 /* Release */ = {
			isa = XCBuildConfiguration;
			buildSettings = {
				ALWAYS_SEARCH_USER_PATHS = NO;
				ASSETCATALOG_COMPILER_GENERATE_SWIFT_ASSET_SYMBOL_EXTENSIONS = YES;
				CLANG_ANALYZER_NONNULL = YES;
				CLANG_ANALYZER_NUMBER_OBJECT_CONVERSION = YES_AGGRESSIVE;
				CLANG_CXX_LANGUAGE_STANDARD = "gnu++20";
				CLANG_ENABLE_MODULES = YES;
				CLANG_ENABLE_OBJC_ARC = YES;
				CLANG_ENABLE_OBJC_WEAK = YES;
				CLANG_WARN_BLOCK_CAPTURE_AUTORELEASING = YES;
				CLANG_WARN_BOOL_CONVERSION = YES;
				CLANG_WARN_COMMA = YES;
				CLANG_WARN_CONSTANT_CONVERSION = YES;
				CLANG_WARN_DEPRECATED_OBJC_IMPLEMENTATIONS = YES;
				CLANG_WARN_DIRECT_OBJC_ISA_USAGE = YES_ERROR;
				CLANG_WARN_DOCUMENTATION_COMMENTS = YES;
				CLANG_WARN_EMPTY_BODY = YES;
				CLANG_WARN_ENUM_CONVERSION = YES;
				CLANG_WARN_INFINITE_RECURSION = YES;
				CLANG_WARN_INT_CONVERSION = YES;
				CLANG_WARN_NON_LITERAL_NULL_CONVERSION = YES;
				CLANG_WARN_OBJC_IMPLICIT_RETAIN_SELF = YES;
				CLANG_WARN_OBJC_LITERAL_CONVERSION = YES;
				CLANG_WARN_OBJC_ROOT_CLASS = YES_ERROR;
				CLANG_WARN_QUOTED_INCLUDE_IN_FRAMEWORK_HEADER = YES;
				CLANG_WARN_RANGE_LOOP_ANALYSIS = YES;
				CLANG_WARN_STRICT_PROTOTYPES = YES;
				CLANG_WARN_SUSPICIOUS_MOVE = YES;
				CLANG_WARN_UNGUARDED_AVAILABILITY = YES_AGGRESSIVE;
				CLANG_WARN_UNREACHABLE_CODE = YES;
				CLANG_WARN__DUPLICATE_METHOD_MATCH = YES;
				COPY_PHASE_STRIP = NO;
				DEBUG_INFORMATION_FORMAT = "dwarf-with-dsym";
				ENABLE_NS_ASSERTIONS = NO;
				ENABLE_STRICT_OBJC_MSGSEND = YES;
				ENABLE_USER_SCRIPT_SANDBOXING = YES;
				GCC_C_LANGUAGE_STANDARD = gnu17;
				GCC_NO_COMMON_BLOCKS = YES;
				GCC_WARN_64_TO_32_BIT_CONVERSION = YES;
				GCC_WARN_ABOUT_RETURN_TYPE = YES_ERROR;
				GCC_WARN_UNDECLARED_SELECTOR = YES;
				GCC_WARN_UNINITIALIZED_AUTOS = YES_AGGRESSIVE;
				GCC_WARN_UNUSED_FUNCTION = YES;
				GCC_WARN_UNUSED_VARIABLE = YES;
				IPHONEOS_DEPLOYMENT_TARGET = 17.0;
				LOCALIZATION_PREFERS_STRING_CATALOGS = YES;
				MTL_ENABLE_DEBUG_INFO = NO;
				MTL_FAST_MATH = YES;
				SDKROOT = iphoneos;
				SWIFT_COMPILATION_MODE = wholemodule;
				VALIDATE_PRODUCT = YES;
			};
			name = Release;
		};
		FD83D4F92B000197004F7A51 /* Debug */ = {
			isa = XCBuildConfiguration;
			buildSettings = {
				ASSETCATALOG_COMPILER_APPICON_NAME = AppIcon;
				ASSETCATALOG_COMPILER_GLOBAL_ACCENT_COLOR_NAME = AccentColor;
				CLANG_ENABLE_MODULES = YES;
				CODE_SIGN_STYLE = Automatic;
				CURRENT_PROJECT_VERSION = 1;
				DEVELOPMENT_TEAM = BK58SGGS27;
				FRAMEWORK_SEARCH_PATHS = (
					"$(inherited)",
					"$(PROJECT_DIR)/MusicDiscovery2",
				);
				GENERATE_INFOPLIST_FILE = YES;
				INFOPLIST_FILE = MusicDiscovery2/Info.plist;
				INFOPLIST_KEY_UIApplicationSupportsIndirectInputEvents = YES;
				INFOPLIST_KEY_UILaunchStoryboardName = LaunchScreen;
				INFOPLIST_KEY_UIMainStoryboardFile = Main;
				INFOPLIST_KEY_UISupportedInterfaceOrientations_iPad = "UIInterfaceOrientationPortrait UIInterfaceOrientationPortraitUpsideDown UIInterfaceOrientationLandscapeLeft UIInterfaceOrientationLandscapeRight";
				INFOPLIST_KEY_UISupportedInterfaceOrientations_iPhone = "UIInterfaceOrientationPortrait UIInterfaceOrientationLandscapeLeft UIInterfaceOrientationLandscapeRight";
				LD_RUNPATH_SEARCH_PATHS = (
					"$(inherited)",
					"@executable_path/Frameworks",
				);
				MARKETING_VERSION = 1.0;
				OTHER_LDFLAGS = "-ObjC";
				PRODUCT_BUNDLE_IDENTIFIER = com.MusicDiscovery2;
				PRODUCT_NAME = "$(TARGET_NAME)";
				SWIFT_EMIT_LOC_STRINGS = YES;
				SWIFT_OBJC_BRIDGING_HEADER = "MusicDiscovery2/MusicDiscovery2-Bridging-Header.h";
				SWIFT_OPTIMIZATION_LEVEL = "-Onone";
				SWIFT_VERSION = 5.0;
				TARGETED_DEVICE_FAMILY = "1,2";
			};
			name = Debug;
		};
		FD83D4FA2B000197004F7A51 /* Release */ = {
			isa = XCBuildConfiguration;
			buildSettings = {
				ASSETCATALOG_COMPILER_APPICON_NAME = AppIcon;
				ASSETCATALOG_COMPILER_GLOBAL_ACCENT_COLOR_NAME = AccentColor;
				CLANG_ENABLE_MODULES = YES;
				CODE_SIGN_STYLE = Automatic;
				CURRENT_PROJECT_VERSION = 1;
				DEVELOPMENT_TEAM = BK58SGGS27;
				FRAMEWORK_SEARCH_PATHS = (
					"$(inherited)",
					"$(PROJECT_DIR)/MusicDiscovery2",
				);
				GENERATE_INFOPLIST_FILE = YES;
				INFOPLIST_FILE = MusicDiscovery2/Info.plist;
				INFOPLIST_KEY_UIApplicationSupportsIndirectInputEvents = YES;
				INFOPLIST_KEY_UILaunchStoryboardName = LaunchScreen;
				INFOPLIST_KEY_UIMainStoryboardFile = Main;
				INFOPLIST_KEY_UISupportedInterfaceOrientations_iPad = "UIInterfaceOrientationPortrait UIInterfaceOrientationPortraitUpsideDown UIInterfaceOrientationLandscapeLeft UIInterfaceOrientationLandscapeRight";
				INFOPLIST_KEY_UISupportedInterfaceOrientations_iPhone = "UIInterfaceOrientationPortrait UIInterfaceOrientationLandscapeLeft UIInterfaceOrientationLandscapeRight";
				LD_RUNPATH_SEARCH_PATHS = (
					"$(inherited)",
					"@executable_path/Frameworks",
				);
				MARKETING_VERSION = 1.0;
				OTHER_LDFLAGS = "-ObjC";
				PRODUCT_BUNDLE_IDENTIFIER = com.MusicDiscovery2;
				PRODUCT_NAME = "$(TARGET_NAME)";
				SWIFT_EMIT_LOC_STRINGS = YES;
				SWIFT_OBJC_BRIDGING_HEADER = "MusicDiscovery2/MusicDiscovery2-Bridging-Header.h";
				SWIFT_VERSION = 5.0;
				TARGETED_DEVICE_FAMILY = "1,2";
			};
			name = Release;
		};
/* End XCBuildConfiguration section */

/* Begin XCConfigurationList section */
		FD83D4DF2B000194004F7A51 /* Build configuration list for PBXProject "MusicDiscovery2" */ = {
			isa = XCConfigurationList;
			buildConfigurations = (
				FD83D4F62B000197004F7A51 /* Debug */,
				FD83D4F72B000197004F7A51 /* Release */,
			);
			defaultConfigurationIsVisible = 0;
			defaultConfigurationName = Release;
		};
		FD83D4F82B000197004F7A51 /* Build configuration list for PBXNativeTarget "MusicDiscovery2" */ = {
			isa = XCConfigurationList;
			buildConfigurations = (
				FD83D4F92B000197004F7A51 /* Debug */,
				FD83D4FA2B000197004F7A51 /* Release */,
			);
			defaultConfigurationIsVisible = 0;
			defaultConfigurationName = Release;
		};
/* End XCConfigurationList section */
	};
	rootObject = FD83D4DC2B000194004F7A51 /* Project object */;
}
